
Microsoft Visual Studio Solution File, Format Version 12.00
# Visual Studio Version 17
VisualStudioVersion = 17.13.35919.96 d17.13
MinimumVisualStudioVersion = 10.0.40219.1
Project("{FAE04EC0-301F-11D3-BF4B-00C04F79EFBC}") = "Server", "Server\Server.csproj", "{86779072-EBFA-414B-8C97-7E79E5623227}"
EndProject
Global
	GlobalSection(SolutionConfigurationPlatforms) = preSolution
		Debug|Any CPU = Debug|Any CPU
		Release|Any CPU = Release|Any CPU
	EndGlobalSection
	GlobalSection(ProjectConfigurationPlatforms) = postSolution
		{86779072-EBFA-414B-8C97-7E79E5623227}.Debug|Any CPU.ActiveCfg = Debug|Any CPU
		{86779072-EBFA-414B-8C97-7E79E5623227}.Debug|Any CPU.Build.0 = Debug|Any CPU
		{86779072-EBFA-414B-8C97-7E79E5623227}.Release|Any CPU.ActiveCfg = Release|Any CPU
		{86779072-EBFA-414B-8C97-7E79E5623227}.Release|Any CPU.Build.0 = Release|Any CPU
	EndGlobalSection
	GlobalSection(SolutionProperties) = preSolution
		HideSolutionNode = FALSE
	EndGlobalSection
	GlobalSection(ExtensibilityGlobals) = postSolution
		SolutionGuid = {B009A356-2F7C-4EAB-9881-644F2D5FF565}
	EndGlobalSection
EndGlobal
