
Microsoft Visual Studio Solution File, Format Version 12.00
# Visual Studio Version 17
VisualStudioVersion = 17.13.35913.81 d17.13
MinimumVisualStudioVersion = 10.0.40219.1
Project("{FAE04EC0-301F-11D3-BF4B-00C04F79EFBC}") = "Lab3", "Lab3\Lab3.csproj", "{122247AE-A621-4B14-9525-18A789A70891}"
EndProject
Global
	GlobalSection(SolutionConfigurationPlatforms) = preSolution
		Debug|Any CPU = Debug|Any CPU
		Release|Any CPU = Release|Any CPU
	EndGlobalSection
	GlobalSection(ProjectConfigurationPlatforms) = postSolution
		{122247AE-A621-4B14-9525-18A789A70891}.Debug|Any CPU.ActiveCfg = Debug|Any CPU
		{122247AE-A621-4B14-9525-18A789A70891}.Debug|Any CPU.Build.0 = Debug|Any CPU
		{122247AE-A621-4B14-9525-18A789A70891}.Release|Any CPU.ActiveCfg = Release|Any CPU
		{122247AE-A621-4B14-9525-18A789A70891}.Release|Any CPU.Build.0 = Release|Any CPU
	EndGlobalSection
	GlobalSection(SolutionProperties) = preSolution
		HideSolutionNode = FALSE
	EndGlobalSection
	GlobalSection(ExtensibilityGlobals) = postSolution
		SolutionGuid = {E5F411D9-B70D-4D43-B056-12CED5BA4D19}
	EndGlobalSection
EndGlobal
